// !$*UTF8*$!
{
	archiveVersion = 1;
	classes = {
	};
	objectVersion = 46;
	objects = {

/* Begin PBXBuildFile section */
		D1A4D51D1E40DCB200F82F5E /* AppDelegate.swift in Sources */ = {isa = PBXBuildFile; fileRef = D1A4D51C1E40DCB200F82F5E /* AppDelegate.swift */; };
		D1A4D51F1E40DCB200F82F5E /* ViewController.swift in Sources */ = {isa = PBXBuildFile; fileRef = D1A4D51E1E40DCB200F82F5E /* ViewController.swift */; };
		D1A4D5221E40DCB200F82F5E /* Main.storyboard in Resources */ = {isa = PBXBuildFile; fileRef = D1A4D5201E40DCB200F82F5E /* Main.storyboard */; };
		D1A4D5241E40DCB200F82F5E /* Assets.xcassets in Resources */ = {isa = PBXBuildFile; fileRef = D1A4D5231E40DCB200F82F5E /* Assets.xcassets */; };
		D1A4D5271E40DCB200F82F5E /* LaunchScreen.storyboard in Resources */ = {isa = PBXBuildFile; fileRef = D1A4D5251E40DCB200F82F5E /* LaunchScreen.storyboard */; };
		D1A4D5321E40DCB200F82F5E /* TaidaTests.swift in Sources */ = {isa = PBXBuildFile; fileRef = D1A4D5311E40DCB200F82F5E /* TaidaTests.swift */; };
		D1A4D53D1E40DCB200F82F5E /* TaidaUITests.swift in Sources */ = {isa = PBXBuildFile; fileRef = D1A4D53C1E40DCB200F82F5E /* TaidaUITests.swift */; };
		D1A4D54D1E50929C00F82F5E /* TaidaCell.swift in Sources */ = {isa = PBXBuildFile; fileRef = D1A4D54C1E50929C00F82F5E /* TaidaCell.swift */; };
/* End PBXBuildFile section */

/* Begin PBXContainerItemProxy section */
		D1A4D52E1E40DCB200F82F5E /* PBXContainerItemProxy */ = {
			isa = PBXContainerItemProxy;
			containerPortal = D1A4D5111E40DCB100F82F5E /* Project object */;
			proxyType = 1;
			remoteGlobalIDString = D1A4D5181E40DCB100F82F5E;
			remoteInfo = Taida;
		};
		D1A4D5391E40DCB200F82F5E /* PBXContainerItemProxy */ = {
			isa = PBXContainerItemProxy;
			containerPortal = D1A4D5111E40DCB100F82F5E /* Project object */;
			proxyType = 1;
			remoteGlobalIDString = D1A4D5181E40DCB100F82F5E;
			remoteInfo = Taida;
		};
/* End PBXContainerItemProxy section */

/* Begin PBXFileReference section */
		D1A4D5191E40DCB200F82F5E /* Taida.app */ = {isa = PBXFileReference; explicitFileType = wrapper.application; includeInIndex = 0; path = Taida.app; sourceTree = BUILT_PRODUCTS_DIR; };
		D1A4D51C1E40DCB200F82F5E /* AppDelegate.swift */ = {isa = PBXFileReference; lastKnownFileType = sourcecode.swift; path = AppDelegate.swift; sourceTree = "<group>"; };
		D1A4D51E1E40DCB200F82F5E /* ViewController.swift */ = {isa = PBXFileReference; lastKnownFileType = sourcecode.swift; path = ViewController.swift; sourceTree = "<group>"; };
		D1A4D5211E40DCB200F82F5E /* Base */ = {isa = PBXFileReference; lastKnownFileType = file.storyboard; name = Base; path = Base.lproj/Main.storyboard; sourceTree = "<group>"; };
		D1A4D5231E40DCB200F82F5E /* Assets.xcassets */ = {isa = PBXFileReference; lastKnownFileType = folder.assetcatalog; path = Assets.xcassets; sourceTree = "<group>"; };
		D1A4D5261E40DCB200F82F5E /* Base */ = {isa = PBXFileReference; lastKnownFileType = file.storyboard; name = Base; path = Base.lproj/LaunchScreen.storyboard; sourceTree = "<group>"; };
		D1A4D5281E40DCB200F82F5E /* Info.plist */ = {isa = PBXFileReference; lastKnownFileType = text.plist.xml; path = Info.plist; sourceTree = "<group>"; };
		D1A4D52D1E40DCB200F82F5E /* TaidaTests.xctest */ = {isa = PBXFileReference; explicitFileType = wrapper.cfbundle; includeInIndex = 0; path = TaidaTests.xctest; sourceTree = BUILT_PRODUCTS_DIR; };
		D1A4D5311E40DCB200F82F5E /* TaidaTests.swift */ = {isa = PBXFileReference; lastKnownFileType = sourcecode.swift; path = TaidaTests.swift; sourceTree = "<group>"; };
		D1A4D5331E40DCB200F82F5E /* Info.plist */ = {isa = PBXFileReference; lastKnownFileType = text.plist.xml; path = Info.plist; sourceTree = "<group>"; };
		D1A4D5381E40DCB200F82F5E /* TaidaUITests.xctest */ = {isa = PBXFileReference; explicitFileType = wrapper.cfbundle; includeInIndex = 0; path = TaidaUITests.xctest; sourceTree = BUILT_PRODUCTS_DIR; };
		D1A4D53C1E40DCB200F82F5E /* TaidaUITests.swift */ = {isa = PBXFileReference; lastKnownFileType = sourcecode.swift; path = TaidaUITests.swift; sourceTree = "<group>"; };
		D1A4D53E1E40DCB200F82F5E /* Info.plist */ = {isa = PBXFileReference; lastKnownFileType = text.plist.xml; path = Info.plist; sourceTree = "<group>"; };
		D1A4D54C1E50929C00F82F5E /* TaidaCell.swift */ = {isa = PBXFileReference; fileEncoding = 4; lastKnownFileType = sourcecode.swift; path = TaidaCell.swift; sourceTree = "<group>"; };
/* End PBXFileReference section */

/* Begin PBXFrameworksBuildPhase section */
		D1A4D5161E40DCB100F82F5E /* Frameworks */ = {
			isa = PBXFrameworksBuildPhase;
			buildActionMask = 2147483647;
			files = (
			);
			runOnlyForDeploymentPostprocessing = 0;
		};
		D1A4D52A1E40DCB200F82F5E /* Frameworks */ = {
			isa = PBXFrameworksBuildPhase;
			buildActionMask = 2147483647;
			files = (
			);
			runOnlyForDeploymentPostprocessing = 0;
		};
		D1A4D5351E40DCB200F82F5E /* Frameworks */ = {
			isa = PBXFrameworksBuildPhase;
			buildActionMask = 2147483647;
			files = (
			);
			runOnlyForDeploymentPostprocessing = 0;
		};
/* End PBXFrameworksBuildPhase section */

/* Begin PBXGroup section */
		D1A4D5101E40DCB100F82F5E = {
			isa = PBXGroup;
			children = (
				D1A4D51B1E40DCB200F82F5E /* Taida */,
				D1A4D5301E40DCB200F82F5E /* TaidaTests */,
				D1A4D53B1E40DCB200F82F5E /* TaidaUITests */,
				D1A4D51A1E40DCB200F82F5E /* Products */,
			);
			sourceTree = "<group>";
		};
		D1A4D51A1E40DCB200F82F5E /* Products */ = {
			isa = PBXGroup;
			children = (
				D1A4D5191E40DCB200F82F5E /* Taida.app */,
				D1A4D52D1E40DCB200F82F5E /* TaidaTests.xctest */,
				D1A4D5381E40DCB200F82F5E /* TaidaUITests.xctest */,
			);
			name = Products;
			sourceTree = "<group>";
		};
		D1A4D51B1E40DCB200F82F5E /* Taida */ = {
			isa = PBXGroup;
			children = (
				D1A4D54E1E56805800F82F5E /* Sources */,
				D1A4D5201E40DCB200F82F5E /* Main.storyboard */,
				D1A4D5231E40DCB200F82F5E /* Assets.xcassets */,
				D1A4D5251E40DCB200F82F5E /* LaunchScreen.storyboard */,
				D1A4D5281E40DCB200F82F5E /* Info.plist */,
			);
			path = Taida;
			sourceTree = "<group>";
		};
		D1A4D5301E40DCB200F82F5E /* TaidaTests */ = {
			isa = PBXGroup;
			children = (
				D1A4D5311E40DCB200F82F5E /* TaidaTests.swift */,
				D1A4D5331E40DCB200F82F5E /* Info.plist */,
			);
			path = TaidaTests;
			sourceTree = "<group>";
		};
		D1A4D53B1E40DCB200F82F5E /* TaidaUITests */ = {
			isa = PBXGroup;
			children = (
				D1A4D53C1E40DCB200F82F5E /* TaidaUITests.swift */,
				D1A4D53E1E40DCB200F82F5E /* Info.plist */,
			);
			path = TaidaUITests;
			sourceTree = "<group>";
		};
		D1A4D54E1E56805800F82F5E /* Sources */ = {
			isa = PBXGroup;
			children = (
				D1A4D51C1E40DCB200F82F5E /* AppDelegate.swift */,
				D1A4D5511E56809500F82F5E /* Views */,
				D1A4D5501E56808A00F82F5E /* Models */,
				D1A4D54F1E56807700F82F5E /* Controllers */,
			);
			name = Sources;
			sourceTree = "<group>";
		};
		D1A4D54F1E56807700F82F5E /* Controllers */ = {
			isa = PBXGroup;
			children = (
				D1A4D51E1E40DCB200F82F5E /* ViewController.swift */,
			);
			name = Controllers;
			sourceTree = "<group>";
		};
		D1A4D5501E56808A00F82F5E /* Models */ = {
			isa = PBXGroup;
			children = (
			);
			name = Models;
			sourceTree = "<group>";
		};
		D1A4D5511E56809500F82F5E /* Views */ = {
			isa = PBXGroup;
			children = (
				D1A4D54C1E50929C00F82F5E /* TaidaCell.swift */,
			);
			name = Views;
			sourceTree = "<group>";
		};
/* End PBXGroup section */

/* Begin PBXNativeTarget section */
		D1A4D5181E40DCB100F82F5E /* Taida */ = {
			isa = PBXNativeTarget;
			buildConfigurationList = D1A4D5411E40DCB200F82F5E /* Build configuration list for PBXNativeTarget "Taida" */;
			buildPhases = (
				D1A4D5151E40DCB100F82F5E /* Sources */,
				D1A4D5161E40DCB100F82F5E /* Frameworks */,
				D1A4D5171E40DCB100F82F5E /* Resources */,
			);
			buildRules = (
			);
			dependencies = (
			);
			name = Taida;
			productName = Taida;
			productReference = D1A4D5191E40DCB200F82F5E /* Taida.app */;
			productType = "com.apple.product-type.application";
		};
		D1A4D52C1E40DCB200F82F5E /* TaidaTests */ = {
			isa = PBXNativeTarget;
			buildConfigurationList = D1A4D5441E40DCB200F82F5E /* Build configuration list for PBXNativeTarget "TaidaTests" */;
			buildPhases = (
				D1A4D5291E40DCB200F82F5E /* Sources */,
				D1A4D52A1E40DCB200F82F5E /* Frameworks */,
				D1A4D52B1E40DCB200F82F5E /* Resources */,
			);
			buildRules = (
			);
			dependencies = (
				D1A4D52F1E40DCB200F82F5E /* PBXTargetDependency */,
			);
			name = TaidaTests;
			productName = TaidaTests;
			productReference = D1A4D52D1E40DCB200F82F5E /* TaidaTests.xctest */;
			productType = "com.apple.product-type.bundle.unit-test";
		};
		D1A4D5371E40DCB200F82F5E /* TaidaUITests */ = {
			isa = PBXNativeTarget;
			buildConfigurationList = D1A4D5471E40DCB200F82F5E /* Build configuration list for PBXNativeTarget "TaidaUITests" */;
			buildPhases = (
				D1A4D5341E40DCB200F82F5E /* Sources */,
				D1A4D5351E40DCB200F82F5E /* Frameworks */,
				D1A4D5361E40DCB200F82F5E /* Resources */,
			);
			buildRules = (
			);
			dependencies = (
				D1A4D53A1E40DCB200F82F5E /* PBXTargetDependency */,
			);
			name = TaidaUITests;
			productName = TaidaUITests;
			productReference = D1A4D5381E40DCB200F82F5E /* TaidaUITests.xctest */;
			productType = "com.apple.product-type.bundle.ui-testing";
		};
/* End PBXNativeTarget section */

/* Begin PBXProject section */
		D1A4D5111E40DCB100F82F5E /* Project object */ = {
			isa = PBXProject;
			attributes = {
				LastSwiftUpdateCheck = 0820;
				LastUpgradeCheck = 0820;
				ORGANIZATIONNAME = "市川主馬";
				TargetAttributes = {
					D1A4D5181E40DCB100F82F5E = {
						CreatedOnToolsVersion = 8.2.1;
						ProvisioningStyle = Automatic;
					};
					D1A4D52C1E40DCB200F82F5E = {
						CreatedOnToolsVersion = 8.2.1;
						ProvisioningStyle = Automatic;
						TestTargetID = D1A4D5181E40DCB100F82F5E;
					};
					D1A4D5371E40DCB200F82F5E = {
						CreatedOnToolsVersion = 8.2.1;
						ProvisioningStyle = Automatic;
						TestTargetID = D1A4D5181E40DCB100F82F5E;
					};
				};
			};
			buildConfigurationList = D1A4D5141E40DCB100F82F5E /* Build configuration list for PBXProject "Taida" */;
			compatibilityVersion = "Xcode 3.2";
			developmentRegion = English;
			hasScannedForEncodings = 0;
			knownRegions = (
				en,
				Base,
			);
			mainGroup = D1A4D5101E40DCB100F82F5E;
			productRefGroup = D1A4D51A1E40DCB200F82F5E /* Products */;
			projectDirPath = "";
			projectRoot = "";
			targets = (
				D1A4D5181E40DCB100F82F5E /* Taida */,
				D1A4D52C1E40DCB200F82F5E /* TaidaTests */,
				D1A4D5371E40DCB200F82F5E /* TaidaUITests */,
			);
		};
/* End PBXProject section */

/* Begin PBXResourcesBuildPhase section */
		D1A4D5171E40DCB100F82F5E /* Resources */ = {
			isa = PBXResourcesBuildPhase;
			buildActionMask = 2147483647;
			files = (
				D1A4D5271E40DCB200F82F5E /* LaunchScreen.storyboard in Resources */,
				D1A4D5241E40DCB200F82F5E /* Assets.xcassets in Resources */,
				D1A4D5221E40DCB200F82F5E /* Main.storyboard in Resources */,
			);
			runOnlyForDeploymentPostprocessing = 0;
		};
		D1A4D52B1E40DCB200F82F5E /* Resources */ = {
			isa = PBXResourcesBuildPhase;
			buildActionMask = 2147483647;
			files = (
			);
			runOnlyForDeploymentPostprocessing = 0;
		};
		D1A4D5361E40DCB200F82F5E /* Resources */ = {
			isa = PBXResourcesBuildPhase;
			buildActionMask = 2147483647;
			files = (
			);
			runOnlyForDeploymentPostprocessing = 0;
		};
/* End PBXResourcesBuildPhase section */

/* Begin PBXSourcesBuildPhase section */
		D1A4D5151E40DCB100F82F5E /* Sources */ = {
			isa = PBXSourcesBuildPhase;
			buildActionMask = 2147483647;
			files = (
				D1A4D51F1E40DCB200F82F5E /* ViewController.swift in Sources */,
				D1A4D51D1E40DCB200F82F5E /* AppDelegate.swift in Sources */,
				D1A4D54D1E50929C00F82F5E /* TaidaCell.swift in Sources */,
			);
			runOnlyForDeploymentPostprocessing = 0;
		};
		D1A4D5291E40DCB200F82F5E /* Sources */ = {
			isa = PBXSourcesBuildPhase;
			buildActionMask = 2147483647;
			files = (
				D1A4D5321E40DCB200F82F5E /* TaidaTests.swift in Sources */,
			);
			runOnlyForDeploymentPostprocessing = 0;
		};
		D1A4D5341E40DCB200F82F5E /* Sources */ = {
			isa = PBXSourcesBuildPhase;
			buildActionMask = 2147483647;
			files = (
				D1A4D53D1E40DCB200F82F5E /* TaidaUITests.swift in Sources */,
			);
			runOnlyForDeploymentPostprocessing = 0;
		};
/* End PBXSourcesBuildPhase section */

/* Begin PBXTargetDependency section */
		D1A4D52F1E40DCB200F82F5E /* PBXTargetDependency */ = {
			isa = PBXTargetDependency;
			target = D1A4D5181E40DCB100F82F5E /* Taida */;
			targetProxy = D1A4D52E1E40DCB200F82F5E /* PBXContainerItemProxy */;
		};
		D1A4D53A1E40DCB200F82F5E /* PBXTargetDependency */ = {
			isa = PBXTargetDependency;
			target = D1A4D5181E40DCB100F82F5E /* Taida */;
			targetProxy = D1A4D5391E40DCB200F82F5E /* PBXContainerItemProxy */;
		};
/* End PBXTargetDependency section */

/* Begin PBXVariantGroup section */
		D1A4D5201E40DCB200F82F5E /* Main.storyboard */ = {
			isa = PBXVariantGroup;
			children = (
				D1A4D5211E40DCB200F82F5E /* Base */,
			);
			name = Main.storyboard;
			sourceTree = "<group>";
		};
		D1A4D5251E40DCB200F82F5E /* LaunchScreen.storyboard */ = {
			isa = PBXVariantGroup;
			children = (
				D1A4D5261E40DCB200F82F5E /* Base */,
			);
			name = LaunchScreen.storyboard;
			sourceTree = "<group>";
		};
/* End PBXVariantGroup section */

/* Begin XCBuildConfiguration section */
		D1A4D53F1E40DCB200F82F5E /* Debug */ = {
			isa = XCBuildConfiguration;
			buildSettings = {
				ALWAYS_SEARCH_USER_PATHS = NO;
				CLANG_ANALYZER_NONNULL = YES;
				CLANG_CXX_LANGUAGE_STANDARD = "gnu++0x";
				CLANG_CXX_LIBRARY = "libc++";
				CLANG_ENABLE_MODULES = YES;
				CLANG_ENABLE_OBJC_ARC = YES;
				CLANG_WARN_BOOL_CONVERSION = YES;
				CLANG_WARN_CONSTANT_CONVERSION = YES;
				CLANG_WARN_DIRECT_OBJC_ISA_USAGE = YES_ERROR;
				CLANG_WARN_DOCUMENTATION_COMMENTS = YES;
				CLANG_WARN_EMPTY_BODY = YES;
				CLANG_WARN_ENUM_CONVERSION = YES;
				CLANG_WARN_INFINITE_RECURSION = YES;
				CLANG_WARN_INT_CONVERSION = YES;
				CLANG_WARN_OBJC_ROOT_CLASS = YES_ERROR;
				CLANG_WARN_SUSPICIOUS_MOVE = YES;
				CLANG_WARN_UNREACHABLE_CODE = YES;
				CLANG_WARN__DUPLICATE_METHOD_MATCH = YES;
				"CODE_SIGN_IDENTITY[sdk=iphoneos*]" = "iPhone Developer";
				COPY_PHASE_STRIP = NO;
				DEBUG_INFORMATION_FORMAT = dwarf;
				ENABLE_STRICT_OBJC_MSGSEND = YES;
				ENABLE_TESTABILITY = YES;
				GCC_C_LANGUAGE_STANDARD = gnu99;
				GCC_DYNAMIC_NO_PIC = NO;
				GCC_NO_COMMON_BLOCKS = YES;
				GCC_OPTIMIZATION_LEVEL = 0;
				GCC_PREPROCESSOR_DEFINITIONS = (
					"DEBUG=1",
					"$(inherited)",
				);
				GCC_WARN_64_TO_32_BIT_CONVERSION = YES;
				GCC_WARN_ABOUT_RETURN_TYPE = YES_ERROR;
				GCC_WARN_UNDECLARED_SELECTOR = YES;
				GCC_WARN_UNINITIALIZED_AUTOS = YES_AGGRESSIVE;
				GCC_WARN_UNUSED_FUNCTION = YES;
				GCC_WARN_UNUSED_VARIABLE = YES;
				IPHONEOS_DEPLOYMENT_TARGET = 10.2;
				MTL_ENABLE_DEBUG_INFO = YES;
				ONLY_ACTIVE_ARCH = YES;
				SDKROOT = iphoneos;
				SWIFT_ACTIVE_COMPILATION_CONDITIONS = DEBUG;
				SWIFT_OPTIMIZATION_LEVEL = "-Onone";
				TARGETED_DEVICE_FAMILY = "1,2";
			};
			name = Debug;
		};
		D1A4D5401E40DCB200F82F5E /* Release */ = {
			isa = XCBuildConfiguration;
			buildSettings = {
				ALWAYS_SEARCH_USER_PATHS = NO;
				CLANG_ANALYZER_NONNULL = YES;
				CLANG_CXX_LANGUAGE_STANDARD = "gnu++0x";
				CLANG_CXX_LIBRARY = "libc++";
				CLANG_ENABLE_MODULES = YES;
				CLANG_ENABLE_OBJC_ARC = YES;
				CLANG_WARN_BOOL_CONVERSION = YES;
				CLANG_WARN_CONSTANT_CONVERSION = YES;
				CLANG_WARN_DIRECT_OBJC_ISA_USAGE = YES_ERROR;
				CLANG_WARN_DOCUMENTATION_COMMENTS = YES;
				CLANG_WARN_EMPTY_BODY = YES;
				CLANG_WARN_ENUM_CONVERSION = YES;
				CLANG_WARN_INFINITE_RECURSION = YES;
				CLANG_WARN_INT_CONVERSION = YES;
				CLANG_WARN_OBJC_ROOT_CLASS = YES_ERROR;
				CLANG_WARN_SUSPICIOUS_MOVE = YES;
				CLANG_WARN_UNREACHABLE_CODE = YES;
				CLANG_WARN__DUPLICATE_METHOD_MATCH = YES;
				"CODE_SIGN_IDENTITY[sdk=iphoneos*]" = "iPhone Developer";
				COPY_PHASE_STRIP = NO;
				DEBUG_INFORMATION_FORMAT = "dwarf-with-dsym";
				ENABLE_NS_ASSERTIONS = NO;
				ENABLE_STRICT_OBJC_MSGSEND = YES;
				GCC_C_LANGUAGE_STANDARD = gnu99;
				GCC_NO_COMMON_BLOCKS = YES;
				GCC_WARN_64_TO_32_BIT_CONVERSION = YES;
				GCC_WARN_ABOUT_RETURN_TYPE = YES_ERROR;
				GCC_WARN_UNDECLARED_SELECTOR = YES;
				GCC_WARN_UNINITIALIZED_AUTOS = YES_AGGRESSIVE;
				GCC_WARN_UNUSED_FUNCTION = YES;
				GCC_WARN_UNUSED_VARIABLE = YES;
				IPHONEOS_DEPLOYMENT_TARGET = 10.2;
				MTL_ENABLE_DEBUG_INFO = NO;
				SDKROOT = iphoneos;
				SWIFT_OPTIMIZATION_LEVEL = "-Owholemodule";
				TARGETED_DEVICE_FAMILY = "1,2";
				VALIDATE_PRODUCT = YES;
			};
			name = Release;
		};
		D1A4D5421E40DCB200F82F5E /* Debug */ = {
			isa = XCBuildConfiguration;
			buildSettings = {
				ASSETCATALOG_COMPILER_APPICON_NAME = AppIcon;
				INFOPLIST_FILE = Taida/Info.plist;
				LD_RUNPATH_SEARCH_PATHS = "$(inherited) @executable_path/Frameworks";
				PRODUCT_BUNDLE_IDENTIFIER = kazumaichikawa.Taida;
				PRODUCT_NAME = "$(TARGET_NAME)";
				SWIFT_VERSION = 3.0;
			};
			name = Debug;
		};
		D1A4D5431E40DCB200F82F5E /* Release */ = {
			isa = XCBuildConfiguration;
			buildSettings = {
				ASSETCATALOG_COMPILER_APPICON_NAME = AppIcon;
				INFOPLIST_FILE = Taida/Info.plist;
				LD_RUNPATH_SEARCH_PATHS = "$(inherited) @executable_path/Frameworks";
				PRODUCT_BUNDLE_IDENTIFIER = kazumaichikawa.Taida;
				PRODUCT_NAME = "$(TARGET_NAME)";
				SWIFT_VERSION = 3.0;
			};
			name = Release;
		};
		D1A4D5451E40DCB200F82F5E /* Debug */ = {
			isa = XCBuildConfiguration;
			buildSettings = {
				ALWAYS_EMBED_SWIFT_STANDARD_LIBRARIES = YES;
				BUNDLE_LOADER = "$(TEST_HOST)";
				INFOPLIST_FILE = TaidaTests/Info.plist;
				LD_RUNPATH_SEARCH_PATHS = "$(inherited) @executable_path/Frameworks @loader_path/Frameworks";
				PRODUCT_BUNDLE_IDENTIFIER = kazumaichikawa.TaidaTests;
				PRODUCT_NAME = "$(TARGET_NAME)";
				SWIFT_VERSION = 3.0;
				TEST_HOST = "$(BUILT_PRODUCTS_DIR)/Taida.app/Taida";
			};
			name = Debug;
		};
		D1A4D5461E40DCB200F82F5E /* Release */ = {
			isa = XCBuildConfiguration;
			buildSettings = {
				ALWAYS_EMBED_SWIFT_STANDARD_LIBRARIES = YES;
				BUNDLE_LOADER = "$(TEST_HOST)";
				INFOPLIST_FILE = TaidaTests/Info.plist;
				LD_RUNPATH_SEARCH_PATHS = "$(inherited) @executable_path/Frameworks @loader_path/Frameworks";
				PRODUCT_BUNDLE_IDENTIFIER = kazumaichikawa.TaidaTests;
				PRODUCT_NAME = "$(TARGET_NAME)";
				SWIFT_VERSION = 3.0;
				TEST_HOST = "$(BUILT_PRODUCTS_DIR)/Taida.app/Taida";
			};
			name = Release;
		};
		D1A4D5481E40DCB200F82F5E /* Debug */ = {
			isa = XCBuildConfiguration;
			buildSettings = {
				ALWAYS_EMBED_SWIFT_STANDARD_LIBRARIES = YES;
				INFOPLIST_FILE = TaidaUITests/Info.plist;
				LD_RUNPATH_SEARCH_PATHS = "$(inherited) @executable_path/Frameworks @loader_path/Frameworks";
				PRODUCT_BUNDLE_IDENTIFIER = kazumaichikawa.TaidaUITests;
				PRODUCT_NAME = "$(TARGET_NAME)";
				SWIFT_VERSION = 3.0;
				TEST_TARGET_NAME = Taida;
			};
			name = Debug;
		};
		D1A4D5491E40DCB200F82F5E /* Release */ = {
			isa = XCBuildConfiguration;
			buildSettings = {
				ALWAYS_EMBED_SWIFT_STANDARD_LIBRARIES = YES;
				INFOPLIST_FILE = TaidaUITests/Info.plist;
				LD_RUNPATH_SEARCH_PATHS = "$(inherited) @executable_path/Frameworks @loader_path/Frameworks";
				PRODUCT_BUNDLE_IDENTIFIER = kazumaichikawa.TaidaUITests;
				PRODUCT_NAME = "$(TARGET_NAME)";
				SWIFT_VERSION = 3.0;
				TEST_TARGET_NAME = Taida;
			};
			name = Release;
		};
/* End XCBuildConfiguration section */

/* Begin XCConfigurationList section */
		D1A4D5141E40DCB100F82F5E /* Build configuration list for PBXProject "Taida" */ = {
			isa = XCConfigurationList;
			buildConfigurations = (
				D1A4D53F1E40DCB200F82F5E /* Debug */,
				D1A4D5401E40DCB200F82F5E /* Release */,
			);
			defaultConfigurationIsVisible = 0;
			defaultConfigurationName = Release;
		};
		D1A4D5411E40DCB200F82F5E /* Build configuration list for PBXNativeTarget "Taida" */ = {
			isa = XCConfigurationList;
			buildConfigurations = (
				D1A4D5421E40DCB200F82F5E /* Debug */,
				D1A4D5431E40DCB200F82F5E /* Release */,
			);
			defaultConfigurationIsVisible = 0;
		};
		D1A4D5441E40DCB200F82F5E /* Build configuration list for PBXNativeTarget "TaidaTests" */ = {
			isa = XCConfigurationList;
			buildConfigurations = (
				D1A4D5451E40DCB200F82F5E /* Debug */,
				D1A4D5461E40DCB200F82F5E /* Release */,
			);
			defaultConfigurationIsVisible = 0;
		};
		D1A4D5471E40DCB200F82F5E /* Build configuration list for PBXNativeTarget "TaidaUITests" */ = {
			isa = XCConfigurationList;
			buildConfigurations = (
				D1A4D5481E40DCB200F82F5E /* Debug */,
				D1A4D5491E40DCB200F82F5E /* Release */,
			);
			defaultConfigurationIsVisible = 0;
		};
/* End XCConfigurationList section */
	};
	rootObject = D1A4D5111E40DCB100F82F5E /* Project object */;
}
